// !$*UTF8*$!
{
	archiveVersion = 1;
	classes = {
	};
	objectVersion = 47;
	objects = {

/* Begin PBXBuildFile section */
		0A647BF71C02BE5800511E88 /* AddNewTagViewController.swift in Sources */ = {isa = PBXBuildFile; fileRef = 0A647BF61C02BE5800511E88 /* AddNewTagViewController.swift */; };
		0A7B3F621C074BED00B32DDC /* NavController.swift in Sources */ = {isa = PBXBuildFile; fileRef = 0A7B3F611C074BED00B32DDC /* NavController.swift */; };
		0A7B3F641C07617B00B32DDC /* TTUser.swift in Sources */ = {isa = PBXBuildFile; fileRef = 0A7B3F631C07617B00B32DDC /* TTUser.swift */; };
		0A92B8A91C0298BE005AF812 /* ChatViewController.swift in Sources */ = {isa = PBXBuildFile; fileRef = 0A92B8A81C0298BE005AF812 /* ChatViewController.swift */; };
		0AA222FA1BFF6BE9002D7A37 /* fontawesome-webfont.ttf in Resources */ = {isa = PBXBuildFile; fileRef = 0AA222F91BFF6BE9002D7A37 /* fontawesome-webfont.ttf */; };
		0AA222FD1BFF7FA7002D7A37 /* MyTagsViewController.swift in Sources */ = {isa = PBXBuildFile; fileRef = 0AA222FC1BFF7FA7002D7A37 /* MyTagsViewController.swift */; };
		0AA222FF1BFF7FF0002D7A37 /* MapViewController.swift in Sources */ = {isa = PBXBuildFile; fileRef = 0AA222FE1BFF7FF0002D7A37 /* MapViewController.swift */; };
		0AAD0F981BFF686C001EE16B /* AppDelegate.swift in Sources */ = {isa = PBXBuildFile; fileRef = 0AAD0F971BFF686C001EE16B /* AppDelegate.swift */; };
		0AAD0F9D1BFF686C001EE16B /* Main.storyboard in Resources */ = {isa = PBXBuildFile; fileRef = 0AAD0F9B1BFF686C001EE16B /* Main.storyboard */; };
		0AAD0F9F1BFF686C001EE16B /* Assets.xcassets in Resources */ = {isa = PBXBuildFile; fileRef = 0AAD0F9E1BFF686C001EE16B /* Assets.xcassets */; };
		0AAD0FA21BFF686C001EE16B /* LaunchScreen.storyboard in Resources */ = {isa = PBXBuildFile; fileRef = 0AAD0FA01BFF686C001EE16B /* LaunchScreen.storyboard */; };
		0ADFDE321C03813400538CCC /* TTHashTag.swift in Sources */ = {isa = PBXBuildFile; fileRef = 0ADFDE311C03813400538CCC /* TTHashTag.swift */; };
		0ADFDE341C03FE7F00538CCC /* TagCell.xib in Resources */ = {isa = PBXBuildFile; fileRef = 0ADFDE331C03FE7F00538CCC /* TagCell.xib */; };
		0ADFDE361C0400F000538CCC /* TagCell.swift in Sources */ = {isa = PBXBuildFile; fileRef = 0ADFDE351C0400F000538CCC /* TagCell.swift */; };
		0ADFDE381C04056200538CCC /* FlowLayout.swift in Sources */ = {isa = PBXBuildFile; fileRef = 0ADFDE371C04056200538CCC /* FlowLayout.swift */; };
		9312FEFAAA5707DC2D795CAE /* libPods.a in Frameworks */ = {isa = PBXBuildFile; fileRef = 018708EA628AAB9A1DA968AD /* libPods.a */; };
/* End PBXBuildFile section */

/* Begin PBXFileReference section */
		018708EA628AAB9A1DA968AD /* libPods.a */ = {isa = PBXFileReference; explicitFileType = archive.ar; includeInIndex = 0; path = libPods.a; sourceTree = BUILT_PRODUCTS_DIR; };
		0A2A38BE1C0014C100861741 /* TenTags-Bridging-Header.h */ = {isa = PBXFileReference; fileEncoding = 4; lastKnownFileType = sourcecode.c.h; path = "TenTags-Bridging-Header.h"; sourceTree = "<group>"; };
		0A647BF61C02BE5800511E88 /* AddNewTagViewController.swift */ = {isa = PBXFileReference; fileEncoding = 4; lastKnownFileType = sourcecode.swift; path = AddNewTagViewController.swift; sourceTree = "<group>"; };
		0A7B3F611C074BED00B32DDC /* NavController.swift */ = {isa = PBXFileReference; fileEncoding = 4; lastKnownFileType = sourcecode.swift; path = NavController.swift; sourceTree = "<group>"; };
		0A7B3F631C07617B00B32DDC /* TTUser.swift */ = {isa = PBXFileReference; fileEncoding = 4; lastKnownFileType = sourcecode.swift; path = TTUser.swift; sourceTree = "<group>"; };
		0A92B8A81C0298BE005AF812 /* ChatViewController.swift */ = {isa = PBXFileReference; fileEncoding = 4; lastKnownFileType = sourcecode.swift; path = ChatViewController.swift; sourceTree = "<group>"; };
		0AA222F91BFF6BE9002D7A37 /* fontawesome-webfont.ttf */ = {isa = PBXFileReference; lastKnownFileType = file; path = "fontawesome-webfont.ttf"; sourceTree = "<group>"; };
		0AA222FC1BFF7FA7002D7A37 /* MyTagsViewController.swift */ = {isa = PBXFileReference; fileEncoding = 4; lastKnownFileType = sourcecode.swift; path = MyTagsViewController.swift; sourceTree = "<group>"; };
		0AA222FE1BFF7FF0002D7A37 /* MapViewController.swift */ = {isa = PBXFileReference; fileEncoding = 4; lastKnownFileType = sourcecode.swift; path = MapViewController.swift; sourceTree = "<group>"; };
		0AAD0F941BFF686C001EE16B /* TenTags.app */ = {isa = PBXFileReference; explicitFileType = wrapper.application; includeInIndex = 0; path = TenTags.app; sourceTree = BUILT_PRODUCTS_DIR; };
		0AAD0F971BFF686C001EE16B /* AppDelegate.swift */ = {isa = PBXFileReference; lastKnownFileType = sourcecode.swift; path = AppDelegate.swift; sourceTree = "<group>"; };
		0AAD0F9C1BFF686C001EE16B /* Base */ = {isa = PBXFileReference; lastKnownFileType = file.storyboard; name = Base; path = Base.lproj/Main.storyboard; sourceTree = "<group>"; };
		0AAD0F9E1BFF686C001EE16B /* Assets.xcassets */ = {isa = PBXFileReference; lastKnownFileType = folder.assetcatalog; path = Assets.xcassets; sourceTree = "<group>"; };
		0AAD0FA11BFF686C001EE16B /* Base */ = {isa = PBXFileReference; lastKnownFileType = file.storyboard; name = Base; path = Base.lproj/LaunchScreen.storyboard; sourceTree = "<group>"; };
		0AAD0FA31BFF686C001EE16B /* Info.plist */ = {isa = PBXFileReference; lastKnownFileType = text.plist.xml; path = Info.plist; sourceTree = "<group>"; };
		0ADFDE311C03813400538CCC /* TTHashTag.swift */ = {isa = PBXFileReference; fileEncoding = 4; lastKnownFileType = sourcecode.swift; path = TTHashTag.swift; sourceTree = "<group>"; };
		0ADFDE331C03FE7F00538CCC /* TagCell.xib */ = {isa = PBXFileReference; fileEncoding = 4; lastKnownFileType = file.xib; path = TagCell.xib; sourceTree = "<group>"; };
		0ADFDE351C0400F000538CCC /* TagCell.swift */ = {isa = PBXFileReference; fileEncoding = 4; lastKnownFileType = sourcecode.swift; path = TagCell.swift; sourceTree = "<group>"; };
		0ADFDE371C04056200538CCC /* FlowLayout.swift */ = {isa = PBXFileReference; fileEncoding = 4; lastKnownFileType = sourcecode.swift; path = FlowLayout.swift; sourceTree = "<group>"; };
		130E84F3250B8173AAA159F7 /* Pods.release.xcconfig */ = {isa = PBXFileReference; includeInIndex = 1; lastKnownFileType = text.xcconfig; name = Pods.release.xcconfig; path = "Pods/Target Support Files/Pods/Pods.release.xcconfig"; sourceTree = "<group>"; };
		4F0AEA6EAF0060CCD5F7470F /* Pods.debug.xcconfig */ = {isa = PBXFileReference; includeInIndex = 1; lastKnownFileType = text.xcconfig; name = Pods.debug.xcconfig; path = "Pods/Target Support Files/Pods/Pods.debug.xcconfig"; sourceTree = "<group>"; };
/* End PBXFileReference section */

/* Begin PBXFrameworksBuildPhase section */
		0AAD0F911BFF686C001EE16B /* Frameworks */ = {
			isa = PBXFrameworksBuildPhase;
			buildActionMask = 2147483647;
			files = (
				9312FEFAAA5707DC2D795CAE /* libPods.a in Frameworks */,
			);
			runOnlyForDeploymentPostprocessing = 0;
		};
/* End PBXFrameworksBuildPhase section */

/* Begin PBXGroup section */
		0AAD0F8B1BFF686C001EE16B = {
			isa = PBXGroup;
			children = (
				0AAD0F961BFF686C001EE16B /* TenTags */,
				0AAD0F951BFF686C001EE16B /* Products */,
				88EB281F3C04E1E7FB204501 /* Pods */,
				DE407BEEBDC31B9FA6326510 /* Frameworks */,
			);
			sourceTree = "<group>";
		};
		0AAD0F951BFF686C001EE16B /* Products */ = {
			isa = PBXGroup;
			children = (
				0AAD0F941BFF686C001EE16B /* TenTags.app */,
			);
			name = Products;
			sourceTree = "<group>";
		};
		0AAD0F961BFF686C001EE16B /* TenTags */ = {
			isa = PBXGroup;
			children = (
				0ADFDE301C037F0100538CCC /* Model */,
				0AAD0F971BFF686C001EE16B /* AppDelegate.swift */,
				0AAD0F9B1BFF686C001EE16B /* Main.storyboard */,
				0AAD0F9E1BFF686C001EE16B /* Assets.xcassets */,
				0AAD0FA01BFF686C001EE16B /* LaunchScreen.storyboard */,
				0AAD0FA31BFF686C001EE16B /* Info.plist */,
				0A7B3F611C074BED00B32DDC /* NavController.swift */,
				0AA222FE1BFF7FF0002D7A37 /* MapViewController.swift */,
				0AA222FC1BFF7FA7002D7A37 /* MyTagsViewController.swift */,
				0ADFDE371C04056200538CCC /* FlowLayout.swift */,
				0ADFDE331C03FE7F00538CCC /* TagCell.xib */,
				0ADFDE351C0400F000538CCC /* TagCell.swift */,
				0A647BF61C02BE5800511E88 /* AddNewTagViewController.swift */,
				0A92B8A81C0298BE005AF812 /* ChatViewController.swift */,
				0A2A38BE1C0014C100861741 /* TenTags-Bridging-Header.h */,
			);
			path = TenTags;
			sourceTree = "<group>";
		};
		0ADFDE301C037F0100538CCC /* Model */ = {
			isa = PBXGroup;
			children = (
				0A7B3F631C07617B00B32DDC /* TTUser.swift */,
				0ADFDE311C03813400538CCC /* TTHashTag.swift */,
			);
			name = Model;
			sourceTree = "<group>";
		};
		88EB281F3C04E1E7FB204501 /* Pods */ = {
			isa = PBXGroup;
			children = (
				4F0AEA6EAF0060CCD5F7470F /* Pods.debug.xcconfig */,
				130E84F3250B8173AAA159F7 /* Pods.release.xcconfig */,
			);
			name = Pods;
			sourceTree = "<group>";
		};
		DE407BEEBDC31B9FA6326510 /* Frameworks */ = {
			isa = PBXGroup;
			children = (
				0AA222F91BFF6BE9002D7A37 /* fontawesome-webfont.ttf */,
				018708EA628AAB9A1DA968AD /* libPods.a */,
			);
			name = Frameworks;
			sourceTree = "<group>";
		};
/* End PBXGroup section */

/* Begin PBXNativeTarget section */
		0AAD0F931BFF686C001EE16B /* TenTags */ = {
			isa = PBXNativeTarget;
			buildConfigurationList = 0AAD0FA61BFF686C001EE16B /* Build configuration list for PBXNativeTarget "TenTags" */;
			buildPhases = (
				8D281B335E6C480C2C224D3B /* Check Pods Manifest.lock */,
				0AAD0F901BFF686C001EE16B /* Sources */,
				0AAD0F911BFF686C001EE16B /* Frameworks */,
				0AAD0F921BFF686C001EE16B /* Resources */,
				C1A897877948637EC04DD7F4 /* Embed Pods Frameworks */,
				F32251C8C058748AA38DBCFF /* Copy Pods Resources */,
				0A2A38BF1C00B0E300861741 /* ShellScript */,
			);
			buildRules = (
			);
			dependencies = (
			);
			name = TenTags;
			productName = TenTags;
			productReference = 0AAD0F941BFF686C001EE16B /* TenTags.app */;
			productType = "com.apple.product-type.application";
		};
/* End PBXNativeTarget section */

/* Begin PBXProject section */
		0AAD0F8C1BFF686C001EE16B /* Project object */ = {
			isa = PBXProject;
			attributes = {
				LastSwiftUpdateCheck = 0710;
				LastUpgradeCheck = 0710;
				ORGANIZATIONNAME = EchoWaves;
				TargetAttributes = {
					0AAD0F931BFF686C001EE16B = {
						CreatedOnToolsVersion = 7.1.1;
						SystemCapabilities = {
							com.apple.BackgroundModes = {
								enabled = 1;
							};
						};
					};
				};
			};
			buildConfigurationList = 0AAD0F8F1BFF686C001EE16B /* Build configuration list for PBXProject "TenTags" */;
			compatibilityVersion = "Xcode 6.3";
			developmentRegion = English;
			hasScannedForEncodings = 0;
			knownRegions = (
				en,
				Base,
			);
			mainGroup = 0AAD0F8B1BFF686C001EE16B;
			productRefGroup = 0AAD0F951BFF686C001EE16B /* Products */;
			projectDirPath = "";
			projectRoot = "";
			targets = (
				0AAD0F931BFF686C001EE16B /* TenTags */,
			);
		};
/* End PBXProject section */

/* Begin PBXResourcesBuildPhase section */
		0AAD0F921BFF686C001EE16B /* Resources */ = {
			isa = PBXResourcesBuildPhase;
			buildActionMask = 2147483647;
			files = (
				0AAD0FA21BFF686C001EE16B /* LaunchScreen.storyboard in Resources */,
				0ADFDE341C03FE7F00538CCC /* TagCell.xib in Resources */,
				0AA222FA1BFF6BE9002D7A37 /* fontawesome-webfont.ttf in Resources */,
				0AAD0F9F1BFF686C001EE16B /* Assets.xcassets in Resources */,
				0AAD0F9D1BFF686C001EE16B /* Main.storyboard in Resources */,
			);
			runOnlyForDeploymentPostprocessing = 0;
		};
/* End PBXResourcesBuildPhase section */

/* Begin PBXShellScriptBuildPhase section */
		0A2A38BF1C00B0E300861741 /* ShellScript */ = {
			isa = PBXShellScriptBuildPhase;
			buildActionMask = 2147483647;
			files = (
			);
			inputPaths = (
			);
			outputPaths = (
			);
			runOnlyForDeploymentPostprocessing = 0;
			shellPath = /bin/sh;
			shellScript = "\"${PODS_ROOT}/Fabric/run\" 87b4cce77e2726175a21523cd45fd311d50ec654 05243f70f4107c37924171430bb29ff49a544a953fdeed36df7340c042f7efc8";
		};
		8D281B335E6C480C2C224D3B /* Check Pods Manifest.lock */ = {
			isa = PBXShellScriptBuildPhase;
			buildActionMask = 2147483647;
			files = (
			);
			inputPaths = (
			);
			name = "Check Pods Manifest.lock";
			outputPaths = (
			);
			runOnlyForDeploymentPostprocessing = 0;
			shellPath = /bin/sh;
			shellScript = "diff \"${PODS_ROOT}/../Podfile.lock\" \"${PODS_ROOT}/Manifest.lock\" > /dev/null\nif [[ $? != 0 ]] ; then\n    cat << EOM\nerror: The sandbox is not in sync with the Podfile.lock. Run 'pod install' or update your CocoaPods installation.\nEOM\n    exit 1\nfi\n";
			showEnvVarsInLog = 0;
		};
		C1A897877948637EC04DD7F4 /* Embed Pods Frameworks */ = {
			isa = PBXShellScriptBuildPhase;
			buildActionMask = 2147483647;
			files = (
			);
			inputPaths = (
			);
			name = "Embed Pods Frameworks";
			outputPaths = (
			);
			runOnlyForDeploymentPostprocessing = 0;
			shellPath = /bin/sh;
			shellScript = "\"${SRCROOT}/Pods/Target Support Files/Pods/Pods-frameworks.sh\"\n";
			showEnvVarsInLog = 0;
		};
		F32251C8C058748AA38DBCFF /* Copy Pods Resources */ = {
			isa = PBXShellScriptBuildPhase;
			buildActionMask = 2147483647;
			files = (
			);
			inputPaths = (
			);
			name = "Copy Pods Resources";
			outputPaths = (
			);
			runOnlyForDeploymentPostprocessing = 0;
			shellPath = /bin/sh;
			shellScript = "\"${SRCROOT}/Pods/Target Support Files/Pods/Pods-resources.sh\"\n";
			showEnvVarsInLog = 0;
		};
/* End PBXShellScriptBuildPhase section */

/* Begin PBXSourcesBuildPhase section */
		0AAD0F901BFF686C001EE16B /* Sources */ = {
			isa = PBXSourcesBuildPhase;
			buildActionMask = 2147483647;
			files = (
				0ADFDE381C04056200538CCC /* FlowLayout.swift in Sources */,
				0ADFDE321C03813400538CCC /* TTHashTag.swift in Sources */,
				0A7B3F641C07617B00B32DDC /* TTUser.swift in Sources */,
				0ADFDE361C0400F000538CCC /* TagCell.swift in Sources */,
				0AA222FF1BFF7FF0002D7A37 /* MapViewController.swift in Sources */,
				0AA222FD1BFF7FA7002D7A37 /* MyTagsViewController.swift in Sources */,
				0A7B3F621C074BED00B32DDC /* NavController.swift in Sources */,
				0A92B8A91C0298BE005AF812 /* ChatViewController.swift in Sources */,
				0A647BF71C02BE5800511E88 /* AddNewTagViewController.swift in Sources */,
				0AAD0F981BFF686C001EE16B /* AppDelegate.swift in Sources */,
			);
			runOnlyForDeploymentPostprocessing = 0;
		};
/* End PBXSourcesBuildPhase section */

/* Begin PBXVariantGroup section */
		0AAD0F9B1BFF686C001EE16B /* Main.storyboard */ = {
			isa = PBXVariantGroup;
			children = (
				0AAD0F9C1BFF686C001EE16B /* Base */,
			);
			name = Main.storyboard;
			sourceTree = "<group>";
		};
		0AAD0FA01BFF686C001EE16B /* LaunchScreen.storyboard */ = {
			isa = PBXVariantGroup;
			children = (
				0AAD0FA11BFF686C001EE16B /* Base */,
			);
			name = LaunchScreen.storyboard;
			sourceTree = "<group>";
		};
/* End PBXVariantGroup section */

/* Begin XCBuildConfiguration section */
		0AAD0FA41BFF686C001EE16B /* Debug */ = {
			isa = XCBuildConfiguration;
			buildSettings = {
				ALWAYS_SEARCH_USER_PATHS = NO;
				CLANG_CXX_LANGUAGE_STANDARD = "gnu++0x";
				CLANG_CXX_LIBRARY = "libc++";
				CLANG_ENABLE_MODULES = YES;
				CLANG_ENABLE_OBJC_ARC = YES;
				CLANG_WARN_BOOL_CONVERSION = YES;
				CLANG_WARN_CONSTANT_CONVERSION = YES;
				CLANG_WARN_DIRECT_OBJC_ISA_USAGE = YES_ERROR;
				CLANG_WARN_EMPTY_BODY = YES;
				CLANG_WARN_ENUM_CONVERSION = YES;
				CLANG_WARN_INT_CONVERSION = YES;
				CLANG_WARN_OBJC_ROOT_CLASS = YES_ERROR;
				CLANG_WARN_UNREACHABLE_CODE = YES;
				CLANG_WARN__DUPLICATE_METHOD_MATCH = YES;
				"CODE_SIGN_IDENTITY[sdk=iphoneos*]" = "iPhone Developer";
				COPY_PHASE_STRIP = NO;
				DEBUG_INFORMATION_FORMAT = "dwarf-with-dsym";
				ENABLE_STRICT_OBJC_MSGSEND = YES;
				ENABLE_TESTABILITY = YES;
				GCC_C_LANGUAGE_STANDARD = gnu99;
				GCC_DYNAMIC_NO_PIC = NO;
				GCC_NO_COMMON_BLOCKS = YES;
				GCC_OPTIMIZATION_LEVEL = 0;
				GCC_PREPROCESSOR_DEFINITIONS = (
					"DEBUG=1",
					"$(inherited)",
				);
				GCC_WARN_64_TO_32_BIT_CONVERSION = YES;
				GCC_WARN_ABOUT_RETURN_TYPE = YES_ERROR;
				GCC_WARN_UNDECLARED_SELECTOR = YES;
				GCC_WARN_UNINITIALIZED_AUTOS = YES_AGGRESSIVE;
				GCC_WARN_UNUSED_FUNCTION = YES;
				GCC_WARN_UNUSED_VARIABLE = YES;
				IPHONEOS_DEPLOYMENT_TARGET = 9.1;
				MTL_ENABLE_DEBUG_INFO = YES;
				ONLY_ACTIVE_ARCH = YES;
				SDKROOT = iphoneos;
				SWIFT_OBJC_BRIDGING_HEADER = "TenTags/TenTags-Bridging-Header.h";
				SWIFT_OPTIMIZATION_LEVEL = "-Onone";
			};
			name = Debug;
		};
		0AAD0FA51BFF686C001EE16B /* Release */ = {
			isa = XCBuildConfiguration;
			buildSettings = {
				ALWAYS_SEARCH_USER_PATHS = NO;
				CLANG_CXX_LANGUAGE_STANDARD = "gnu++0x";
				CLANG_CXX_LIBRARY = "libc++";
				CLANG_ENABLE_MODULES = YES;
				CLANG_ENABLE_OBJC_ARC = YES;
				CLANG_WARN_BOOL_CONVERSION = YES;
				CLANG_WARN_CONSTANT_CONVERSION = YES;
				CLANG_WARN_DIRECT_OBJC_ISA_USAGE = YES_ERROR;
				CLANG_WARN_EMPTY_BODY = YES;
				CLANG_WARN_ENUM_CONVERSION = YES;
				CLANG_WARN_INT_CONVERSION = YES;
				CLANG_WARN_OBJC_ROOT_CLASS = YES_ERROR;
				CLANG_WARN_UNREACHABLE_CODE = YES;
				CLANG_WARN__DUPLICATE_METHOD_MATCH = YES;
				"CODE_SIGN_IDENTITY[sdk=iphoneos*]" = "iPhone Developer";
				COPY_PHASE_STRIP = NO;
				DEBUG_INFORMATION_FORMAT = "dwarf-with-dsym";
				ENABLE_NS_ASSERTIONS = NO;
				ENABLE_STRICT_OBJC_MSGSEND = YES;
				GCC_C_LANGUAGE_STANDARD = gnu99;
				GCC_NO_COMMON_BLOCKS = YES;
				GCC_WARN_64_TO_32_BIT_CONVERSION = YES;
				GCC_WARN_ABOUT_RETURN_TYPE = YES_ERROR;
				GCC_WARN_UNDECLARED_SELECTOR = YES;
				GCC_WARN_UNINITIALIZED_AUTOS = YES_AGGRESSIVE;
				GCC_WARN_UNUSED_FUNCTION = YES;
				GCC_WARN_UNUSED_VARIABLE = YES;
				IPHONEOS_DEPLOYMENT_TARGET = 9.1;
				MTL_ENABLE_DEBUG_INFO = NO;
				SDKROOT = iphoneos;
				SWIFT_OBJC_BRIDGING_HEADER = "TenTags/TenTags-Bridging-Header.h";
				VALIDATE_PRODUCT = YES;
			};
			name = Release;
		};
		0AAD0FA71BFF686C001EE16B /* Debug */ = {
			isa = XCBuildConfiguration;
			baseConfigurationReference = 4F0AEA6EAF0060CCD5F7470F /* Pods.debug.xcconfig */;
			buildSettings = {
				ASSETCATALOG_COMPILER_APPICON_NAME = AppIcon;
				INFOPLIST_FILE = TenTags/Info.plist;
				LD_RUNPATH_SEARCH_PATHS = "$(inherited) @executable_path/Frameworks";
				PRODUCT_BUNDLE_IDENTIFIER = com.echowaves.TenTags;
				PRODUCT_NAME = "$(TARGET_NAME)";
			};
			name = Debug;
		};
		0AAD0FA81BFF686C001EE16B /* Release */ = {
			isa = XCBuildConfiguration;
			baseConfigurationReference = 130E84F3250B8173AAA159F7 /* Pods.release.xcconfig */;
			buildSettings = {
				ASSETCATALOG_COMPILER_APPICON_NAME = AppIcon;
				INFOPLIST_FILE = TenTags/Info.plist;
				LD_RUNPATH_SEARCH_PATHS = "$(inherited) @executable_path/Frameworks";
				PRODUCT_BUNDLE_IDENTIFIER = com.echowaves.TenTags;
				PRODUCT_NAME = "$(TARGET_NAME)";
			};
			name = Release;
		};
/* End XCBuildConfiguration section */

/* Begin XCConfigurationList section */
		0AAD0F8F1BFF686C001EE16B /* Build configuration list for PBXProject "TenTags" */ = {
			isa = XCConfigurationList;
			buildConfigurations = (
				0AAD0FA41BFF686C001EE16B /* Debug */,
				0AAD0FA51BFF686C001EE16B /* Release */,
			);
			defaultConfigurationIsVisible = 0;
			defaultConfigurationName = Release;
		};
		0AAD0FA61BFF686C001EE16B /* Build configuration list for PBXNativeTarget "TenTags" */ = {
			isa = XCConfigurationList;
			buildConfigurations = (
				0AAD0FA71BFF686C001EE16B /* Debug */,
				0AAD0FA81BFF686C001EE16B /* Release */,
			);
			defaultConfigurationIsVisible = 0;
			defaultConfigurationName = Release;
		};
/* End XCConfigurationList section */
	};
	rootObject = 0AAD0F8C1BFF686C001EE16B /* Project object */;
}
