PODS:
  - Bolts/Tasks (1.5.0)
  - Localytics (3.5.1)
  - Parse (1.10.0):
    - Bolts/Tasks (~> 1.5)

DEPENDENCIES:
  - Localytics (~> 3.5)
  - Parse (~> 1.10)

SPEC CHECKSUMS:
  Bolts: 722ab9a4f8b50fc4ed1b9998a5a7a2b3f16d80b4
  Localytics: da06c00606839b53978ca093adbca1d8afdeeb3e
  Parse: 90b2544822200f84b18bfacc4e8b0a3a6c3584a2

COCOAPODS: 0.39.0
